// !$*UTF8*$!
{
	archiveVersion = 1;
	classes = {
	};
	objectVersion = 50;
	objects = {

/* Begin PBXBuildFile section */
		252D650E23625B4A005186E2 /* AppDelegate.swift in Sources */ = {isa = PBXBuildFile; fileRef = 252D650D23625B4A005186E2 /* AppDelegate.swift */; };
		252D651023625B4A005186E2 /* SceneDelegate.swift in Sources */ = {isa = PBXBuildFile; fileRef = 252D650F23625B4A005186E2 /* SceneDelegate.swift */; };
		252D651523625B4A005186E2 /* Main.storyboard in Resources */ = {isa = PBXBuildFile; fileRef = 252D651323625B4A005186E2 /* Main.storyboard */; };
		252D651723625B4D005186E2 /* Assets.xcassets in Resources */ = {isa = PBXBuildFile; fileRef = 252D651623625B4D005186E2 /* Assets.xcassets */; };
		252D651A23625B4D005186E2 /* LaunchScreen.storyboard in Resources */ = {isa = PBXBuildFile; fileRef = 252D651823625B4D005186E2 /* LaunchScreen.storyboard */; };
		253146412367566200A5A306 /* GoogleService-Info.plist in Resources */ = {isa = PBXBuildFile; fileRef = 253146402367566200A5A306 /* GoogleService-Info.plist */; };
		253146432367582400A5A306 /* User.swift in Sources */ = {isa = PBXBuildFile; fileRef = 253146422367582400A5A306 /* User.swift */; };
		253146452367588D00A5A306 /* Run.swift in Sources */ = {isa = PBXBuildFile; fileRef = 253146442367588D00A5A306 /* Run.swift */; };
		253146472368A76E00A5A306 /* RunController.swift in Sources */ = {isa = PBXBuildFile; fileRef = 253146462368A76E00A5A306 /* RunController.swift */; };
		25B943182369168D00DF1B62 /* APIKeys.plist in Resources */ = {isa = PBXBuildFile; fileRef = 25B943172369168D00DF1B62 /* APIKeys.plist */; };
		25B9431A2369B3D400DF1B62 /* ViewController.swift in Sources */ = {isa = PBXBuildFile; fileRef = 25B943192369B3D400DF1B62 /* ViewController.swift */; };
/* End PBXBuildFile section */

/* Begin PBXFileReference section */
		252D650A23625B4A005186E2 /* RunM8.app */ = {isa = PBXFileReference; explicitFileType = wrapper.application; includeInIndex = 0; path = RunM8.app; sourceTree = BUILT_PRODUCTS_DIR; };
		252D650D23625B4A005186E2 /* AppDelegate.swift */ = {isa = PBXFileReference; lastKnownFileType = sourcecode.swift; path = AppDelegate.swift; sourceTree = "<group>"; };
		252D650F23625B4A005186E2 /* SceneDelegate.swift */ = {isa = PBXFileReference; lastKnownFileType = sourcecode.swift; path = SceneDelegate.swift; sourceTree = "<group>"; };
		252D651423625B4A005186E2 /* Base */ = {isa = PBXFileReference; lastKnownFileType = file.storyboard; name = Base; path = Base.lproj/Main.storyboard; sourceTree = "<group>"; };
		252D651623625B4D005186E2 /* Assets.xcassets */ = {isa = PBXFileReference; lastKnownFileType = folder.assetcatalog; path = Assets.xcassets; sourceTree = "<group>"; };
		252D651923625B4D005186E2 /* Base */ = {isa = PBXFileReference; lastKnownFileType = file.storyboard; name = Base; path = Base.lproj/LaunchScreen.storyboard; sourceTree = "<group>"; };
		252D651B23625B4D005186E2 /* Info.plist */ = {isa = PBXFileReference; lastKnownFileType = text.plist.xml; path = Info.plist; sourceTree = "<group>"; };
		253146402367566200A5A306 /* GoogleService-Info.plist */ = {isa = PBXFileReference; fileEncoding = 4; lastKnownFileType = text.plist.xml; path = "GoogleService-Info.plist"; sourceTree = "<group>"; };
		253146422367582400A5A306 /* User.swift */ = {isa = PBXFileReference; lastKnownFileType = sourcecode.swift; path = User.swift; sourceTree = "<group>"; };
		253146442367588D00A5A306 /* Run.swift */ = {isa = PBXFileReference; lastKnownFileType = sourcecode.swift; path = Run.swift; sourceTree = "<group>"; };
		253146462368A76E00A5A306 /* RunController.swift */ = {isa = PBXFileReference; lastKnownFileType = sourcecode.swift; path = RunController.swift; sourceTree = "<group>"; };
		25B943172369168D00DF1B62 /* APIKeys.plist */ = {isa = PBXFileReference; lastKnownFileType = text.plist.xml; path = APIKeys.plist; sourceTree = "<group>"; };
		25B943192369B3D400DF1B62 /* ViewController.swift */ = {isa = PBXFileReference; lastKnownFileType = sourcecode.swift; path = ViewController.swift; sourceTree = "<group>"; };
/* End PBXFileReference section */

/* Begin PBXFrameworksBuildPhase section */
		252D650723625B4A005186E2 /* Frameworks */ = {
			isa = PBXFrameworksBuildPhase;
			buildActionMask = 2147483647;
			files = (
			);
			runOnlyForDeploymentPostprocessing = 0;
		};
/* End PBXFrameworksBuildPhase section */

/* Begin PBXGroup section */
		252D650123625B4A005186E2 = {
			isa = PBXGroup;
			children = (
				252D650C23625B4A005186E2 /* RunM8 */,
				252D650B23625B4A005186E2 /* Products */,
				D897B2C8DAD91554E481A5B6 /* Pods */,
			);
			sourceTree = "<group>";
		};
		252D650B23625B4A005186E2 /* Products */ = {
			isa = PBXGroup;
			children = (
				252D650A23625B4A005186E2 /* RunM8.app */,
			);
			name = Products;
			sourceTree = "<group>";
		};
		252D650C23625B4A005186E2 /* RunM8 */ = {
			isa = PBXGroup;
			children = (
				252D652523625B63005186E2 /* StoryBoards */,
				252D652423625B60005186E2 /* Models */,
				252D652323625B5E005186E2 /* Views */,
				252D652223625B5C005186E2 /* Controller */,
				252D652123625B5A005186E2 /* Resources */,
				252D651B23625B4D005186E2 /* Info.plist */,
				253146402367566200A5A306 /* GoogleService-Info.plist */,
			);
			path = RunM8;
			sourceTree = "<group>";
		};
		252D652123625B5A005186E2 /* Resources */ = {
			isa = PBXGroup;
			children = (
				252D651623625B4D005186E2 /* Assets.xcassets */,
				252D650D23625B4A005186E2 /* AppDelegate.swift */,
				252D650F23625B4A005186E2 /* SceneDelegate.swift */,
				25B943172369168D00DF1B62 /* APIKeys.plist */,
			);
			path = Resources;
			sourceTree = "<group>";
		};
		252D652223625B5C005186E2 /* Controller */ = {
			isa = PBXGroup;
			children = (
				253146462368A76E00A5A306 /* RunController.swift */,
			);
			path = Controller;
			sourceTree = "<group>";
		};
		252D652323625B5E005186E2 /* Views */ = {
			isa = PBXGroup;
			children = (
				25B943192369B3D400DF1B62 /* ViewController.swift */,
			);
			path = Views;
			sourceTree = "<group>";
		};
		252D652423625B60005186E2 /* Models */ = {
			isa = PBXGroup;
			children = (
				253146422367582400A5A306 /* User.swift */,
				253146442367588D00A5A306 /* Run.swift */,
			);
			path = Models;
			sourceTree = "<group>";
		};
		252D652523625B63005186E2 /* StoryBoards */ = {
			isa = PBXGroup;
			children = (
				252D651823625B4D005186E2 /* LaunchScreen.storyboard */,
				252D651323625B4A005186E2 /* Main.storyboard */,
			);
			path = StoryBoards;
			sourceTree = "<group>";
		};
		D897B2C8DAD91554E481A5B6 /* Pods */ = {
			isa = PBXGroup;
			children = (
			);
			path = Pods;
			sourceTree = "<group>";
		};
/* End PBXGroup section */

/* Begin PBXNativeTarget section */
		252D650923625B4A005186E2 /* RunM8 */ = {
			isa = PBXNativeTarget;
			buildConfigurationList = 252D651E23625B4D005186E2 /* Build configuration list for PBXNativeTarget "RunM8" */;
			buildPhases = (
				252D650623625B4A005186E2 /* Sources */,
				252D650723625B4A005186E2 /* Frameworks */,
				252D650823625B4A005186E2 /* Resources */,
			);
			buildRules = (
			);
			dependencies = (
			);
			name = RunM8;
			productName = RunM8;
			productReference = 252D650A23625B4A005186E2 /* RunM8.app */;
			productType = "com.apple.product-type.application";
		};
/* End PBXNativeTarget section */

/* Begin PBXProject section */
		252D650223625B4A005186E2 /* Project object */ = {
			isa = PBXProject;
			attributes = {
				LastSwiftUpdateCheck = 1100;
				LastUpgradeCheck = 1100;
				ORGANIZATIONNAME = "Ian Hall";
				TargetAttributes = {
					252D650923625B4A005186E2 = {
						CreatedOnToolsVersion = 11.0;
					};
				};
			};
			buildConfigurationList = 252D650523625B4A005186E2 /* Build configuration list for PBXProject "RunM8" */;
			compatibilityVersion = "Xcode 9.3";
			developmentRegion = en;
			hasScannedForEncodings = 0;
			knownRegions = (
				en,
				Base,
			);
			mainGroup = 252D650123625B4A005186E2;
			productRefGroup = 252D650B23625B4A005186E2 /* Products */;
			projectDirPath = "";
			projectRoot = "";
			targets = (
				252D650923625B4A005186E2 /* RunM8 */,
			);
		};
/* End PBXProject section */

/* Begin PBXResourcesBuildPhase section */
		252D650823625B4A005186E2 /* Resources */ = {
			isa = PBXResourcesBuildPhase;
			buildActionMask = 2147483647;
			files = (
				252D651A23625B4D005186E2 /* LaunchScreen.storyboard in Resources */,
				25B943182369168D00DF1B62 /* APIKeys.plist in Resources */,
				252D651723625B4D005186E2 /* Assets.xcassets in Resources */,
				253146412367566200A5A306 /* GoogleService-Info.plist in Resources */,
				252D651523625B4A005186E2 /* Main.storyboard in Resources */,
			);
			runOnlyForDeploymentPostprocessing = 0;
		};
/* End PBXResourcesBuildPhase section */

/* Begin PBXSourcesBuildPhase section */
		252D650623625B4A005186E2 /* Sources */ = {
			isa = PBXSourcesBuildPhase;
			buildActionMask = 2147483647;
			files = (
				25B9431A2369B3D400DF1B62 /* ViewController.swift in Sources */,
				253146472368A76E00A5A306 /* RunController.swift in Sources */,
				252D650E23625B4A005186E2 /* AppDelegate.swift in Sources */,
				253146452367588D00A5A306 /* Run.swift in Sources */,
				252D651023625B4A005186E2 /* SceneDelegate.swift in Sources */,
				253146432367582400A5A306 /* User.swift in Sources */,
			);
			runOnlyForDeploymentPostprocessing = 0;
		};
/* End PBXSourcesBuildPhase section */

/* Begin PBXVariantGroup section */
		252D651323625B4A005186E2 /* Main.storyboard */ = {
			isa = PBXVariantGroup;
			children = (
				252D651423625B4A005186E2 /* Base */,
			);
			name = Main.storyboard;
			sourceTree = "<group>";
		};
		252D651823625B4D005186E2 /* LaunchScreen.storyboard */ = {
			isa = PBXVariantGroup;
			children = (
				252D651923625B4D005186E2 /* Base */,
			);
			name = LaunchScreen.storyboard;
			sourceTree = "<group>";
		};
/* End PBXVariantGroup section */

/* Begin XCBuildConfiguration section */
		252D651C23625B4D005186E2 /* Debug */ = {
			isa = XCBuildConfiguration;
			buildSettings = {
				ALWAYS_SEARCH_USER_PATHS = NO;
				CLANG_ANALYZER_NONNULL = YES;
				CLANG_ANALYZER_NUMBER_OBJECT_CONVERSION = YES_AGGRESSIVE;
				CLANG_CXX_LANGUAGE_STANDARD = "gnu++14";
				CLANG_CXX_LIBRARY = "libc++";
				CLANG_ENABLE_MODULES = YES;
				CLANG_ENABLE_OBJC_ARC = YES;
				CLANG_ENABLE_OBJC_WEAK = YES;
				CLANG_WARN_BLOCK_CAPTURE_AUTORELEASING = YES;
				CLANG_WARN_BOOL_CONVERSION = YES;
				CLANG_WARN_COMMA = YES;
				CLANG_WARN_CONSTANT_CONVERSION = YES;
				CLANG_WARN_DEPRECATED_OBJC_IMPLEMENTATIONS = YES;
				CLANG_WARN_DIRECT_OBJC_ISA_USAGE = YES_ERROR;
				CLANG_WARN_DOCUMENTATION_COMMENTS = YES;
				CLANG_WARN_EMPTY_BODY = YES;
				CLANG_WARN_ENUM_CONVERSION = YES;
				CLANG_WARN_INFINITE_RECURSION = YES;
				CLANG_WARN_INT_CONVERSION = YES;
				CLANG_WARN_NON_LITERAL_NULL_CONVERSION = YES;
				CLANG_WARN_OBJC_IMPLICIT_RETAIN_SELF = YES;
				CLANG_WARN_OBJC_LITERAL_CONVERSION = YES;
				CLANG_WARN_OBJC_ROOT_CLASS = YES_ERROR;
				CLANG_WARN_RANGE_LOOP_ANALYSIS = YES;
				CLANG_WARN_STRICT_PROTOTYPES = YES;
				CLANG_WARN_SUSPICIOUS_MOVE = YES;
				CLANG_WARN_UNGUARDED_AVAILABILITY = YES_AGGRESSIVE;
				CLANG_WARN_UNREACHABLE_CODE = YES;
				CLANG_WARN__DUPLICATE_METHOD_MATCH = YES;
				COPY_PHASE_STRIP = NO;
				DEBUG_INFORMATION_FORMAT = dwarf;
				ENABLE_STRICT_OBJC_MSGSEND = YES;
				ENABLE_TESTABILITY = YES;
				GCC_C_LANGUAGE_STANDARD = gnu11;
				GCC_DYNAMIC_NO_PIC = NO;
				GCC_NO_COMMON_BLOCKS = YES;
				GCC_OPTIMIZATION_LEVEL = 0;
				GCC_PREPROCESSOR_DEFINITIONS = (
					"DEBUG=1",
					"$(inherited)",
				);
				GCC_WARN_64_TO_32_BIT_CONVERSION = YES;
				GCC_WARN_ABOUT_RETURN_TYPE = YES_ERROR;
				GCC_WARN_UNDECLARED_SELECTOR = YES;
				GCC_WARN_UNINITIALIZED_AUTOS = YES_AGGRESSIVE;
				GCC_WARN_UNUSED_FUNCTION = YES;
				GCC_WARN_UNUSED_VARIABLE = YES;
				IPHONEOS_DEPLOYMENT_TARGET = 13.0;
				MTL_ENABLE_DEBUG_INFO = INCLUDE_SOURCE;
				MTL_FAST_MATH = YES;
				ONLY_ACTIVE_ARCH = YES;
				SDKROOT = iphoneos;
				SWIFT_ACTIVE_COMPILATION_CONDITIONS = DEBUG;
				SWIFT_OPTIMIZATION_LEVEL = "-Onone";
			};
			name = Debug;
		};
		252D651D23625B4D005186E2 /* Release */ = {
			isa = XCBuildConfiguration;
			buildSettings = {
				ALWAYS_SEARCH_USER_PATHS = NO;
				CLANG_ANALYZER_NONNULL = YES;
				CLANG_ANALYZER_NUMBER_OBJECT_CONVERSION = YES_AGGRESSIVE;
				CLANG_CXX_LANGUAGE_STANDARD = "gnu++14";
				CLANG_CXX_LIBRARY = "libc++";
				CLANG_ENABLE_MODULES = YES;
				CLANG_ENABLE_OBJC_ARC = YES;
				CLANG_ENABLE_OBJC_WEAK = YES;
				CLANG_WARN_BLOCK_CAPTURE_AUTORELEASING = YES;
				CLANG_WARN_BOOL_CONVERSION = YES;
				CLANG_WARN_COMMA = YES;
				CLANG_WARN_CONSTANT_CONVERSION = YES;
				CLANG_WARN_DEPRECATED_OBJC_IMPLEMENTATIONS = YES;
				CLANG_WARN_DIRECT_OBJC_ISA_USAGE = YES_ERROR;
				CLANG_WARN_DOCUMENTATION_COMMENTS = YES;
				CLANG_WARN_EMPTY_BODY = YES;
				CLANG_WARN_ENUM_CONVERSION = YES;
				CLANG_WARN_INFINITE_RECURSION = YES;
				CLANG_WARN_INT_CONVERSION = YES;
				CLANG_WARN_NON_LITERAL_NULL_CONVERSION = YES;
				CLANG_WARN_OBJC_IMPLICIT_RETAIN_SELF = YES;
				CLANG_WARN_OBJC_LITERAL_CONVERSION = YES;
				CLANG_WARN_OBJC_ROOT_CLASS = YES_ERROR;
				CLANG_WARN_RANGE_LOOP_ANALYSIS = YES;
				CLANG_WARN_STRICT_PROTOTYPES = YES;
				CLANG_WARN_SUSPICIOUS_MOVE = YES;
				CLANG_WARN_UNGUARDED_AVAILABILITY = YES_AGGRESSIVE;
				CLANG_WARN_UNREACHABLE_CODE = YES;
				CLANG_WARN__DUPLICATE_METHOD_MATCH = YES;
				COPY_PHASE_STRIP = NO;
				DEBUG_INFORMATION_FORMAT = "dwarf-with-dsym";
				ENABLE_NS_ASSERTIONS = NO;
				ENABLE_STRICT_OBJC_MSGSEND = YES;
				GCC_C_LANGUAGE_STANDARD = gnu11;
				GCC_NO_COMMON_BLOCKS = YES;
				GCC_WARN_64_TO_32_BIT_CONVERSION = YES;
				GCC_WARN_ABOUT_RETURN_TYPE = YES_ERROR;
				GCC_WARN_UNDECLARED_SELECTOR = YES;
				GCC_WARN_UNINITIALIZED_AUTOS = YES_AGGRESSIVE;
				GCC_WARN_UNUSED_FUNCTION = YES;
				GCC_WARN_UNUSED_VARIABLE = YES;
				IPHONEOS_DEPLOYMENT_TARGET = 13.0;
				MTL_ENABLE_DEBUG_INFO = NO;
				MTL_FAST_MATH = YES;
				SDKROOT = iphoneos;
				SWIFT_COMPILATION_MODE = wholemodule;
				SWIFT_OPTIMIZATION_LEVEL = "-O";
				VALIDATE_PRODUCT = YES;
			};
			name = Release;
		};
		252D651F23625B4D005186E2 /* Debug */ = {
			isa = XCBuildConfiguration;
			buildSettings = {
				ASSETCATALOG_COMPILER_APPICON_NAME = AppIcon;
				CODE_SIGN_STYLE = Automatic;
				DEVELOPMENT_TEAM = 38AN8KZ7HW;
				INFOPLIST_FILE = RunM8/Info.plist;
				LD_RUNPATH_SEARCH_PATHS = (
					"$(inherited)",
					"@executable_path/Frameworks",
				);
				PRODUCT_BUNDLE_IDENTIFIER = com.IanH411.RunM8;
				PRODUCT_NAME = "$(TARGET_NAME)";
				SWIFT_VERSION = 5.0;
				TARGETED_DEVICE_FAMILY = 1;
			};
			name = Debug;
		};
		252D652023625B4D005186E2 /* Release */ = {
			isa = XCBuildConfiguration;
			buildSettings = {
				ASSETCATALOG_COMPILER_APPICON_NAME = AppIcon;
				CODE_SIGN_STYLE = Automatic;
				DEVELOPMENT_TEAM = 38AN8KZ7HW;
				INFOPLIST_FILE = RunM8/Info.plist;
				LD_RUNPATH_SEARCH_PATHS = (
					"$(inherited)",
					"@executable_path/Frameworks",
				);
				PRODUCT_BUNDLE_IDENTIFIER = com.IanH411.RunM8;
				PRODUCT_NAME = "$(TARGET_NAME)";
				SWIFT_VERSION = 5.0;
				TARGETED_DEVICE_FAMILY = 1;
			};
			name = Release;
		};
/* End XCBuildConfiguration section */

/* Begin XCConfigurationList section */
		252D650523625B4A005186E2 /* Build configuration list for PBXProject "RunM8" */ = {
			isa = XCConfigurationList;
			buildConfigurations = (
				252D651C23625B4D005186E2 /* Debug */,
				252D651D23625B4D005186E2 /* Release */,
			);
			defaultConfigurationIsVisible = 0;
			defaultConfigurationName = Release;
		};
		252D651E23625B4D005186E2 /* Build configuration list for PBXNativeTarget "RunM8" */ = {
			isa = XCConfigurationList;
			buildConfigurations = (
				252D651F23625B4D005186E2 /* Debug */,
				252D652023625B4D005186E2 /* Release */,
			);
			defaultConfigurationIsVisible = 0;
			defaultConfigurationName = Release;
		};
/* End XCConfigurationList section */
	};
	rootObject = 252D650223625B4A005186E2 /* Project object */;
}
